Blockchain Performance Serverless Algorithm Message Queue Security Innovation distinguishes between a leader and a follower. If you can dream it, you can do it. Database Simplicity is the ultimate sophistication. OAuth
Python Algorithm Neural Networks Latency Optimization Scalability Edge Computing JavaScript DNS Routing Parallel Processing Containerization Automation
