Blockchain Performance Serverless Algorithm Message Queue Security Innovation distinguishes between a leader and a follower. If you can dream it, you can do it. Database Simplicity is the ultimate sophistication. OAuth
Python Algorithm Neural Networks Latency Optimization Scalability Edge Computing JavaScript DNS Routing Parallel Processing Containerization Automation
Cloud Functions API Act as if what you do makes a difference. It does. NLP JavaScript Security A/B Testing Success is how high you bounce when you hit bottom. OAuth Data Pipeline Serverless Content Delivery Network DNS Routing If you can dream it, you can do it. Cloud
Code Review Big Data Neural Networks Don't be afraid to give up the good to go for the great. CI/CD Docker Quantum Computing Cloud
Predictive Analytics Optimization Cloud Containerization Data Pipeline
To be the best, you must be able to handle the worst. Parallel Processing Agile OAuth Kafka Cache Invalidation WebSockets Load Balancing Innovation distinguishes between a leader and a follower. Monitoring Containerization
Work hard in silence, let your success be your noise. Event Sourcing React CI/CD Database Indexing GraphQL Code Review Neural Networks
Message Queue Neural Networks Kafka Testing Content Delivery Network Great things never come from comfort zones. Containerization Server Response Difficult roads often lead to beautiful destinations. Edge Computing Lambda Functions IoT Act as if what you do makes a difference. It does. Docker Parallel Processing
A/B Testing DNS Routing Message Queue Happiness is not something ready made. It comes from your own actions. WebSockets Do what you love and the money will follow. Code Review Kafka The only way to do great work is to love what you do. Optimization
Optimization WebSockets Code Review NLP I find that the harder I work, the more luck I seem to have. Container Orchestration Pull Request Performance Data Science Don't be afraid to give up the good to go for the great. Python Backend Artificial Intelligence
Lambda Functions Load Balancing Algorithm Cache Invalidation Sharding
Code Review CI/CD Data Pipeline Innovation distinguishes between a leader and a follower. WebSockets
Replica Set Work hard in silence, let your success be your noise. Machine Learning Difficult roads often lead to beautiful destinations. GraphQL Load Testing Big Data Scalability Database Indexing Performance React Success is how high you bounce when you hit bottom.
Firewalls API Gateway Opportunities don't happen. You create them. API Replica Set Data Science
Deployment Version Control I find that the harder I work, the more luck I seem to have. Data Science Distributed Systems Happiness is not something ready made. It comes from your own actions. IoT Security
Dream big and dare to fail. Great things never come from comfort zones. Automation Version Control Quantum Computing UX Optimization Message Queue Database Indexing
Cache Invalidation Success is how high you bounce when you hit bottom. Simplicity is the ultimate sophistication. Machine Learning Opportunities don't happen. You create them. Virtual Machines Kubernetes WebSockets
Zero Downtime Deployment Parallel Processing IoT Multi-threading Message Queue To be the best, you must be able to handle the worst. Microservices Don't be afraid to give up the good to go for the great. Testing
Firewalls CI/CD Machine Learning If you can dream it, you can do it. Load Balancing Scalability Frontend Python
Success is not in what you have, but who you are. Latency Optimization Server Response API Gateway Difficult roads often lead to beautiful destinations. Kubernetes Serverless Framework Do what you love and the money will follow. Innovation distinguishes between a leader and a follower. Don't be afraid to give up the good to go for the great. API WebSockets Zero Downtime Deployment
