Blockchain Performance Serverless Algorithm Message Queue Security Innovation distinguishes between a leader and a follower. If you can dream it, you can do it. Database Simplicity is the ultimate sophistication. OAuth
Python Algorithm Neural Networks Latency Optimization Scalability Edge Computing JavaScript DNS Routing Parallel Processing Containerization Automation
Cloud Functions API Act as if what you do makes a difference. It does. NLP JavaScript Security A/B Testing Success is how high you bounce when you hit bottom. OAuth Data Pipeline Serverless Content Delivery Network DNS Routing If you can dream it, you can do it. Cloud
Code Review Big Data Neural Networks Don't be afraid to give up the good to go for the great. CI/CD Docker Quantum Computing Cloud
Predictive Analytics Optimization Cloud Containerization Data Pipeline
To be the best, you must be able to handle the worst. Parallel Processing Agile OAuth Kafka Cache Invalidation WebSockets Load Balancing Innovation distinguishes between a leader and a follower. Monitoring Containerization
Work hard in silence, let your success be your noise. Event Sourcing React CI/CD Database Indexing GraphQL Code Review Neural Networks
